// !$*UTF8*$!
{
	archiveVersion = 1;
	classes = {
	};
	objectVersion = 46;
	objects = {

/* Begin PBXBuildFile section */
		AA190EB21C835FA600728949 /* main.m in Sources */ = {isa = PBXBuildFile; fileRef = AA190EB11C835FA600728949 /* main.m */; };
		AA190EB51C835FA600728949 /* AppDelegate.m in Sources */ = {isa = PBXBuildFile; fileRef = AA190EB41C835FA600728949 /* AppDelegate.m */; };
		AA190EB71C835FA600728949 /* Assets.xcassets in Resources */ = {isa = PBXBuildFile; fileRef = AA190EB61C835FA600728949 /* Assets.xcassets */; };
		AA190EBA1C835FA600728949 /* LaunchScreen.storyboard in Resources */ = {isa = PBXBuildFile; fileRef = AA190EB81C835FA600728949 /* LaunchScreen.storyboard */; };
		AA190EC41C835FBB00728949 /* AGTSimpleCoreDataStack.m in Sources */ = {isa = PBXBuildFile; fileRef = AA190EC31C835FBB00728949 /* AGTSimpleCoreDataStack.m */; };
		AA190EC71C83607400728949 /* Model.xcdatamodeld in Sources */ = {isa = PBXBuildFile; fileRef = AA190EC51C83607400728949 /* Model.xcdatamodeld */; };
		AA190EF81C8372E300728949 /* _AOANamedEntity.m in Sources */ = {isa = PBXBuildFile; fileRef = AA190EED1C8372E300728949 /* _AOANamedEntity.m */; };
		AA190EF91C8372E300728949 /* _AOANote.m in Sources */ = {isa = PBXBuildFile; fileRef = AA190EEF1C8372E300728949 /* _AOANote.m */; };
		AA190EFA1C8372E300728949 /* _AOANotebook.m in Sources */ = {isa = PBXBuildFile; fileRef = AA190EF11C8372E300728949 /* _AOANotebook.m */; };
		AA190EFB1C8372E300728949 /* AOANamedEntity.m in Sources */ = {isa = PBXBuildFile; fileRef = AA190EF31C8372E300728949 /* AOANamedEntity.m */; };
		AA190EFC1C8372E300728949 /* AOANote.m in Sources */ = {isa = PBXBuildFile; fileRef = AA190EF51C8372E300728949 /* AOANote.m */; };
		AA190EFD1C8372E300728949 /* AOANotebook.m in Sources */ = {isa = PBXBuildFile; fileRef = AA190EF71C8372E300728949 /* AOANotebook.m */; };
		AA190F021C837A4E00728949 /* _AOAPhoto.m in Sources */ = {isa = PBXBuildFile; fileRef = AA190EFF1C837A4E00728949 /* _AOAPhoto.m */; };
		AA190F031C837A4E00728949 /* AOAPhoto.m in Sources */ = {isa = PBXBuildFile; fileRef = AA190F011C837A4E00728949 /* AOAPhoto.m */; };
		AA190F091C85476600728949 /* AGTCoreDataTableViewController.m in Sources */ = {isa = PBXBuildFile; fileRef = AA190F081C85476600728949 /* AGTCoreDataTableViewController.m */; };
		AA190F121C854C3600728949 /* AOANotebooksViewController.m in Sources */ = {isa = PBXBuildFile; fileRef = AA190F111C854C3600728949 /* AOANotebooksViewController.m */; };
		AA8CC4661C858181001F8070 /* UIViewController+Navigation.m in Sources */ = {isa = PBXBuildFile; fileRef = AA8CC4651C858181001F8070 /* UIViewController+Navigation.m */; };
		AA9C87B21C88E4570049B963 /* AOANoteCollectionViewCell.xib in Resources */ = {isa = PBXBuildFile; fileRef = AA9C87B11C88E4570049B963 /* AOANoteCollectionViewCell.xib */; };
		AA9C87B51C88E5050049B963 /* AOANoteCellView.m in Sources */ = {isa = PBXBuildFile; fileRef = AA9C87B41C88E5050049B963 /* AOANoteCellView.m */; };
		AA9C87B81C88E60A0049B963 /* AGTCoreDataCollectionViewController.m in Sources */ = {isa = PBXBuildFile; fileRef = AA9C87B71C88E60A0049B963 /* AGTCoreDataCollectionViewController.m */; };
		AA9C87BE1C88E6D30049B963 /* AOANotesViewController.m in Sources */ = {isa = PBXBuildFile; fileRef = AA9C87BD1C88E6D30049B963 /* AOANotesViewController.m */; };
		AA9C87C01C89425D0049B963 /* noImage.png in Resources */ = {isa = PBXBuildFile; fileRef = AA9C87BF1C89425D0049B963 /* noImage.png */; };
		AAD2341C1C85D59900B5EE99 /* AOANoteBookCellView.xib in Resources */ = {isa = PBXBuildFile; fileRef = AAD2341B1C85D59900B5EE99 /* AOANoteBookCellView.xib */; };
		AAD2341F1C85D6B100B5EE99 /* AOANotebookCellView.m in Sources */ = {isa = PBXBuildFile; fileRef = AAD2341E1C85D6B100B5EE99 /* AOANotebookCellView.m */; };
		AAD7662B1C8AB951002662D1 /* AOANoteViewController.m in Sources */ = {isa = PBXBuildFile; fileRef = AAD766291C8AB951002662D1 /* AOANoteViewController.m */; };
		AAD7662C1C8AB951002662D1 /* AOANoteViewController.xib in Resources */ = {isa = PBXBuildFile; fileRef = AAD7662A1C8AB951002662D1 /* AOANoteViewController.xib */; };
		AAD766311C8B332C002662D1 /* MapKit.framework in Frameworks */ = {isa = PBXBuildFile; fileRef = AAD7662F1C8B318A002662D1 /* MapKit.framework */; };
		AAD766351C8B4C85002662D1 /* AOAPhotoViewController.m in Sources */ = {isa = PBXBuildFile; fileRef = AAD766331C8B4C85002662D1 /* AOAPhotoViewController.m */; };
		AAD766361C8B4C85002662D1 /* AOAPhotoViewController.xib in Resources */ = {isa = PBXBuildFile; fileRef = AAD766341C8B4C85002662D1 /* AOAPhotoViewController.xib */; };
		AAD7663C1C8B9577002662D1 /* _AOALocation.m in Sources */ = {isa = PBXBuildFile; fileRef = AAD766391C8B9577002662D1 /* _AOALocation.m */; };
		AAD7663D1C8B9577002662D1 /* AOALocation.m in Sources */ = {isa = PBXBuildFile; fileRef = AAD7663B1C8B9577002662D1 /* AOALocation.m */; };
		AAD766401C8C0342002662D1 /* placemark.png in Resources */ = {isa = PBXBuildFile; fileRef = AAD7663E1C8C0342002662D1 /* placemark.png */; };
		AAD766411C8C0342002662D1 /* placemark.pxm in Resources */ = {isa = PBXBuildFile; fileRef = AAD7663F1C8C0342002662D1 /* placemark.pxm */; };
/* End PBXBuildFile section */

/* Begin PBXFileReference section */
		AA190EAD1C835FA600728949 /* Everpobre.app */ = {isa = PBXFileReference; explicitFileType = wrapper.application; includeInIndex = 0; path = Everpobre.app; sourceTree = BUILT_PRODUCTS_DIR; };
		AA190EB11C835FA600728949 /* main.m */ = {isa = PBXFileReference; lastKnownFileType = sourcecode.c.objc; path = main.m; sourceTree = "<group>"; };
		AA190EB31C835FA600728949 /* AppDelegate.h */ = {isa = PBXFileReference; lastKnownFileType = sourcecode.c.h; path = AppDelegate.h; sourceTree = "<group>"; };
		AA190EB41C835FA600728949 /* AppDelegate.m */ = {isa = PBXFileReference; lastKnownFileType = sourcecode.c.objc; path = AppDelegate.m; sourceTree = "<group>"; };
		AA190EB61C835FA600728949 /* Assets.xcassets */ = {isa = PBXFileReference; lastKnownFileType = folder.assetcatalog; path = Assets.xcassets; sourceTree = "<group>"; };
		AA190EB91C835FA600728949 /* Base */ = {isa = PBXFileReference; lastKnownFileType = file.storyboard; name = Base; path = Base.lproj/LaunchScreen.storyboard; sourceTree = "<group>"; };
		AA190EBB1C835FA600728949 /* Info.plist */ = {isa = PBXFileReference; lastKnownFileType = text.plist.xml; path = Info.plist; sourceTree = "<group>"; };
		AA190EC21C835FBB00728949 /* AGTSimpleCoreDataStack.h */ = {isa = PBXFileReference; fileEncoding = 4; lastKnownFileType = sourcecode.c.h; path = AGTSimpleCoreDataStack.h; sourceTree = "<group>"; };
		AA190EC31C835FBB00728949 /* AGTSimpleCoreDataStack.m */ = {isa = PBXFileReference; fileEncoding = 4; lastKnownFileType = sourcecode.c.objc; path = AGTSimpleCoreDataStack.m; sourceTree = "<group>"; };
		AA190EC61C83607400728949 /* Model.xcdatamodel */ = {isa = PBXFileReference; lastKnownFileType = wrapper.xcdatamodel; path = Model.xcdatamodel; sourceTree = "<group>"; };
		AA190EEC1C8372E300728949 /* _AOANamedEntity.h */ = {isa = PBXFileReference; fileEncoding = 4; lastKnownFileType = sourcecode.c.h; name = _AOANamedEntity.h; path = ../_AOANamedEntity.h; sourceTree = "<group>"; };
		AA190EED1C8372E300728949 /* _AOANamedEntity.m */ = {isa = PBXFileReference; fileEncoding = 4; lastKnownFileType = sourcecode.c.objc; name = _AOANamedEntity.m; path = ../_AOANamedEntity.m; sourceTree = "<group>"; };
		AA190EEE1C8372E300728949 /* _AOANote.h */ = {isa = PBXFileReference; fileEncoding = 4; lastKnownFileType = sourcecode.c.h; name = _AOANote.h; path = ../_AOANote.h; sourceTree = "<group>"; };
		AA190EEF1C8372E300728949 /* _AOANote.m */ = {isa = PBXFileReference; fileEncoding = 4; lastKnownFileType = sourcecode.c.objc; name = _AOANote.m; path = ../_AOANote.m; sourceTree = "<group>"; };
		AA190EF01C8372E300728949 /* _AOANotebook.h */ = {isa = PBXFileReference; fileEncoding = 4; lastKnownFileType = sourcecode.c.h; name = _AOANotebook.h; path = ../_AOANotebook.h; sourceTree = "<group>"; };
		AA190EF11C8372E300728949 /* _AOANotebook.m */ = {isa = PBXFileReference; fileEncoding = 4; lastKnownFileType = sourcecode.c.objc; name = _AOANotebook.m; path = ../_AOANotebook.m; sourceTree = "<group>"; };
		AA190EF21C8372E300728949 /* AOANamedEntity.h */ = {isa = PBXFileReference; fileEncoding = 4; lastKnownFileType = sourcecode.c.h; name = AOANamedEntity.h; path = ../AOANamedEntity.h; sourceTree = "<group>"; };
		AA190EF31C8372E300728949 /* AOANamedEntity.m */ = {isa = PBXFileReference; fileEncoding = 4; lastKnownFileType = sourcecode.c.objc; name = AOANamedEntity.m; path = ../AOANamedEntity.m; sourceTree = "<group>"; };
		AA190EF41C8372E300728949 /* AOANote.h */ = {isa = PBXFileReference; fileEncoding = 4; lastKnownFileType = sourcecode.c.h; name = AOANote.h; path = ../AOANote.h; sourceTree = "<group>"; };
		AA190EF51C8372E300728949 /* AOANote.m */ = {isa = PBXFileReference; fileEncoding = 4; lastKnownFileType = sourcecode.c.objc; name = AOANote.m; path = ../AOANote.m; sourceTree = "<group>"; };
		AA190EF61C8372E300728949 /* AOANotebook.h */ = {isa = PBXFileReference; fileEncoding = 4; lastKnownFileType = sourcecode.c.h; name = AOANotebook.h; path = ../AOANotebook.h; sourceTree = "<group>"; };
		AA190EF71C8372E300728949 /* AOANotebook.m */ = {isa = PBXFileReference; fileEncoding = 4; lastKnownFileType = sourcecode.c.objc; name = AOANotebook.m; path = ../AOANotebook.m; sourceTree = "<group>"; };
		AA190EFE1C837A4E00728949 /* _AOAPhoto.h */ = {isa = PBXFileReference; fileEncoding = 4; lastKnownFileType = sourcecode.c.h; path = _AOAPhoto.h; sourceTree = SOURCE_ROOT; };
		AA190EFF1C837A4E00728949 /* _AOAPhoto.m */ = {isa = PBXFileReference; fileEncoding = 4; lastKnownFileType = sourcecode.c.objc; path = _AOAPhoto.m; sourceTree = SOURCE_ROOT; };
		AA190F001C837A4E00728949 /* AOAPhoto.h */ = {isa = PBXFileReference; fileEncoding = 4; lastKnownFileType = sourcecode.c.h; path = AOAPhoto.h; sourceTree = SOURCE_ROOT; };
		AA190F011C837A4E00728949 /* AOAPhoto.m */ = {isa = PBXFileReference; fileEncoding = 4; lastKnownFileType = sourcecode.c.objc; path = AOAPhoto.m; sourceTree = SOURCE_ROOT; };
		AA190F041C84BB4A00728949 /* Everpobre-Prefix.pch */ = {isa = PBXFileReference; fileEncoding = 4; lastKnownFileType = sourcecode.c.h; path = "Everpobre-Prefix.pch"; sourceTree = "<group>"; };
		AA190F061C84BE7600728949 /* settings.h */ = {isa = PBXFileReference; fileEncoding = 4; lastKnownFileType = sourcecode.c.h; path = settings.h; sourceTree = "<group>"; };
		AA190F071C85476600728949 /* AGTCoreDataTableViewController.h */ = {isa = PBXFileReference; fileEncoding = 4; lastKnownFileType = sourcecode.c.h; path = AGTCoreDataTableViewController.h; sourceTree = "<group>"; };
		AA190F081C85476600728949 /* AGTCoreDataTableViewController.m */ = {isa = PBXFileReference; fileEncoding = 4; lastKnownFileType = sourcecode.c.objc; path = AGTCoreDataTableViewController.m; sourceTree = "<group>"; };
		AA190F101C854C3600728949 /* AOANotebooksViewController.h */ = {isa = PBXFileReference; fileEncoding = 4; lastKnownFileType = sourcecode.c.h; path = AOANotebooksViewController.h; sourceTree = "<group>"; };
		AA190F111C854C3600728949 /* AOANotebooksViewController.m */ = {isa = PBXFileReference; fileEncoding = 4; lastKnownFileType = sourcecode.c.objc; path = AOANotebooksViewController.m; sourceTree = "<group>"; };
		AA8CC4641C858181001F8070 /* UIViewController+Navigation.h */ = {isa = PBXFileReference; fileEncoding = 4; lastKnownFileType = sourcecode.c.h; path = "UIViewController+Navigation.h"; sourceTree = "<group>"; };
		AA8CC4651C858181001F8070 /* UIViewController+Navigation.m */ = {isa = PBXFileReference; fileEncoding = 4; lastKnownFileType = sourcecode.c.objc; path = "UIViewController+Navigation.m"; sourceTree = "<group>"; };
		AA9C87B11C88E4570049B963 /* AOANoteCollectionViewCell.xib */ = {isa = PBXFileReference; fileEncoding = 4; lastKnownFileType = file.xib; path = AOANoteCollectionViewCell.xib; sourceTree = "<group>"; };
		AA9C87B31C88E5050049B963 /* AOANoteCellView.h */ = {isa = PBXFileReference; fileEncoding = 4; lastKnownFileType = sourcecode.c.h; path = AOANoteCellView.h; sourceTree = "<group>"; };
		AA9C87B41C88E5050049B963 /* AOANoteCellView.m */ = {isa = PBXFileReference; fileEncoding = 4; lastKnownFileType = sourcecode.c.objc; path = AOANoteCellView.m; sourceTree = "<group>"; };
		AA9C87B61C88E60A0049B963 /* AGTCoreDataCollectionViewController.h */ = {isa = PBXFileReference; fileEncoding = 4; lastKnownFileType = sourcecode.c.h; path = AGTCoreDataCollectionViewController.h; sourceTree = "<group>"; };
		AA9C87B71C88E60A0049B963 /* AGTCoreDataCollectionViewController.m */ = {isa = PBXFileReference; fileEncoding = 4; lastKnownFileType = sourcecode.c.objc; path = AGTCoreDataCollectionViewController.m; sourceTree = "<group>"; };
		AA9C87BC1C88E6D30049B963 /* AOANotesViewController.h */ = {isa = PBXFileReference; fileEncoding = 4; lastKnownFileType = sourcecode.c.h; path = AOANotesViewController.h; sourceTree = "<group>"; };
		AA9C87BD1C88E6D30049B963 /* AOANotesViewController.m */ = {isa = PBXFileReference; fileEncoding = 4; lastKnownFileType = sourcecode.c.objc; path = AOANotesViewController.m; sourceTree = "<group>"; };
		AA9C87BF1C89425D0049B963 /* noImage.png */ = {isa = PBXFileReference; lastKnownFileType = image.png; path = noImage.png; sourceTree = "<group>"; };
		AAD2341B1C85D59900B5EE99 /* AOANoteBookCellView.xib */ = {isa = PBXFileReference; fileEncoding = 4; lastKnownFileType = file.xib; path = AOANoteBookCellView.xib; sourceTree = "<group>"; };
		AAD2341D1C85D6B100B5EE99 /* AOANotebookCellView.h */ = {isa = PBXFileReference; fileEncoding = 4; lastKnownFileType = sourcecode.c.h; name = AOANotebookCellView.h; path = ../AOANotebookCellView.h; sourceTree = "<group>"; };
		AAD2341E1C85D6B100B5EE99 /* AOANotebookCellView.m */ = {isa = PBXFileReference; fileEncoding = 4; lastKnownFileType = sourcecode.c.objc; name = AOANotebookCellView.m; path = ../AOANotebookCellView.m; sourceTree = "<group>"; };
		AAD766281C8AB951002662D1 /* AOANoteViewController.h */ = {isa = PBXFileReference; fileEncoding = 4; lastKnownFileType = sourcecode.c.h; path = AOANoteViewController.h; sourceTree = "<group>"; };
		AAD766291C8AB951002662D1 /* AOANoteViewController.m */ = {isa = PBXFileReference; fileEncoding = 4; lastKnownFileType = sourcecode.c.objc; path = AOANoteViewController.m; sourceTree = "<group>"; };
		AAD7662A1C8AB951002662D1 /* AOANoteViewController.xib */ = {isa = PBXFileReference; fileEncoding = 4; lastKnownFileType = file.xib; path = AOANoteViewController.xib; sourceTree = "<group>"; };
		AAD7662E1C8AEA1F002662D1 /* AOADetailViewController.h */ = {isa = PBXFileReference; fileEncoding = 4; lastKnownFileType = sourcecode.c.h; path = AOADetailViewController.h; sourceTree = "<group>"; };
		AAD7662F1C8B318A002662D1 /* MapKit.framework */ = {isa = PBXFileReference; lastKnownFileType = wrapper.framework; name = MapKit.framework; path = System/Library/Frameworks/MapKit.framework; sourceTree = SDKROOT; };
		AAD766321C8B4C85002662D1 /* AOAPhotoViewController.h */ = {isa = PBXFileReference; fileEncoding = 4; lastKnownFileType = sourcecode.c.h; path = AOAPhotoViewController.h; sourceTree = "<group>"; };
		AAD766331C8B4C85002662D1 /* AOAPhotoViewController.m */ = {isa = PBXFileReference; fileEncoding = 4; lastKnownFileType = sourcecode.c.objc; path = AOAPhotoViewController.m; sourceTree = "<group>"; };
		AAD766341C8B4C85002662D1 /* AOAPhotoViewController.xib */ = {isa = PBXFileReference; fileEncoding = 4; lastKnownFileType = file.xib; path = AOAPhotoViewController.xib; sourceTree = "<group>"; };
		AAD766371C8B9312002662D1 /* Model2.xcdatamodel */ = {isa = PBXFileReference; lastKnownFileType = wrapper.xcdatamodel; path = Model2.xcdatamodel; sourceTree = "<group>"; };
		AAD766381C8B9577002662D1 /* _AOALocation.h */ = {isa = PBXFileReference; fileEncoding = 4; lastKnownFileType = sourcecode.c.h; path = _AOALocation.h; sourceTree = SOURCE_ROOT; };
		AAD766391C8B9577002662D1 /* _AOALocation.m */ = {isa = PBXFileReference; fileEncoding = 4; lastKnownFileType = sourcecode.c.objc; path = _AOALocation.m; sourceTree = SOURCE_ROOT; };
		AAD7663A1C8B9577002662D1 /* AOALocation.h */ = {isa = PBXFileReference; fileEncoding = 4; lastKnownFileType = sourcecode.c.h; path = AOALocation.h; sourceTree = SOURCE_ROOT; };
		AAD7663B1C8B9577002662D1 /* AOALocation.m */ = {isa = PBXFileReference; fileEncoding = 4; lastKnownFileType = sourcecode.c.objc; path = AOALocation.m; sourceTree = SOURCE_ROOT; };
		AAD7663E1C8C0342002662D1 /* placemark.png */ = {isa = PBXFileReference; lastKnownFileType = image.png; path = placemark.png; sourceTree = "<group>"; };
		AAD7663F1C8C0342002662D1 /* placemark.pxm */ = {isa = PBXFileReference; lastKnownFileType = file; path = placemark.pxm; sourceTree = "<group>"; };
/* End PBXFileReference section */

/* Begin PBXFrameworksBuildPhase section */
		AA190EAA1C835FA600728949 /* Frameworks */ = {
			isa = PBXFrameworksBuildPhase;
			buildActionMask = 2147483647;
			files = (
				AAD766311C8B332C002662D1 /* MapKit.framework in Frameworks */,
			);
			runOnlyForDeploymentPostprocessing = 0;
		};
/* End PBXFrameworksBuildPhase section */

/* Begin PBXGroup section */
		AA190EA41C835FA600728949 = {
			isa = PBXGroup;
			children = (
				AAD7662F1C8B318A002662D1 /* MapKit.framework */,
				AA190EAF1C835FA600728949 /* Everpobre */,
				AA190EAE1C835FA600728949 /* Products */,
			);
			sourceTree = "<group>";
		};
		AA190EAE1C835FA600728949 /* Products */ = {
			isa = PBXGroup;
			children = (
				AA190EAD1C835FA600728949 /* Everpobre.app */,
			);
			name = Products;
			sourceTree = "<group>";
		};
		AA190EAF1C835FA600728949 /* Everpobre */ = {
			isa = PBXGroup;
			children = (
				AAD7662D1C8AE9E5002662D1 /* Protocols */,
				AA9C87C11C89426D0049B963 /* Resources */,
				AAD2341A1C85D57600B5EE99 /* Views */,
				AA8CC4631C856452001F8070 /* Categories */,
				AA190F0A1C85476E00728949 /* Controllers */,
				AA190EC11C835FAF00728949 /* Models */,
				AA190EB31C835FA600728949 /* AppDelegate.h */,
				AA190EB41C835FA600728949 /* AppDelegate.m */,
				AA190EB61C835FA600728949 /* Assets.xcassets */,
				AA190EB81C835FA600728949 /* LaunchScreen.storyboard */,
				AA190EBB1C835FA600728949 /* Info.plist */,
				AA190EB01C835FA600728949 /* Supporting Files */,
			);
			path = Everpobre;
			sourceTree = "<group>";
		};
		AA190EB01C835FA600728949 /* Supporting Files */ = {
			isa = PBXGroup;
			children = (
				AA190F061C84BE7600728949 /* settings.h */,
				AA190F041C84BB4A00728949 /* Everpobre-Prefix.pch */,
				AA190EB11C835FA600728949 /* main.m */,
			);
			name = "Supporting Files";
			sourceTree = "<group>";
		};
		AA190EC11C835FAF00728949 /* Models */ = {
			isa = PBXGroup;
			children = (
				AAD766381C8B9577002662D1 /* _AOALocation.h */,
				AAD766391C8B9577002662D1 /* _AOALocation.m */,
				AAD7663A1C8B9577002662D1 /* AOALocation.h */,
				AAD7663B1C8B9577002662D1 /* AOALocation.m */,
				AA190EEC1C8372E300728949 /* _AOANamedEntity.h */,
				AA190EED1C8372E300728949 /* _AOANamedEntity.m */,
				AA190EEE1C8372E300728949 /* _AOANote.h */,
				AA190EEF1C8372E300728949 /* _AOANote.m */,
				AA190EF01C8372E300728949 /* _AOANotebook.h */,
				AA190EF11C8372E300728949 /* _AOANotebook.m */,
				AA190EF21C8372E300728949 /* AOANamedEntity.h */,
				AA190EF31C8372E300728949 /* AOANamedEntity.m */,
				AA190EF41C8372E300728949 /* AOANote.h */,
				AA190EF51C8372E300728949 /* AOANote.m */,
				AA190EF61C8372E300728949 /* AOANotebook.h */,
				AA190EF71C8372E300728949 /* AOANotebook.m */,
				AA190EC51C83607400728949 /* Model.xcdatamodeld */,
				AA190EFE1C837A4E00728949 /* _AOAPhoto.h */,
				AA190EFF1C837A4E00728949 /* _AOAPhoto.m */,
				AA190F001C837A4E00728949 /* AOAPhoto.h */,
				AA190F011C837A4E00728949 /* AOAPhoto.m */,
				AA190EC21C835FBB00728949 /* AGTSimpleCoreDataStack.h */,
				AA190EC31C835FBB00728949 /* AGTSimpleCoreDataStack.m */,
			);
			name = Models;
			sourceTree = "<group>";
		};
		AA190F0A1C85476E00728949 /* Controllers */ = {
			isa = PBXGroup;
			children = (
				AA9C87B61C88E60A0049B963 /* AGTCoreDataCollectionViewController.h */,
				AA9C87B71C88E60A0049B963 /* AGTCoreDataCollectionViewController.m */,
				AA190F071C85476600728949 /* AGTCoreDataTableViewController.h */,
				AA190F081C85476600728949 /* AGTCoreDataTableViewController.m */,
				AA190F101C854C3600728949 /* AOANotebooksViewController.h */,
				AA190F111C854C3600728949 /* AOANotebooksViewController.m */,
				AA9C87BC1C88E6D30049B963 /* AOANotesViewController.h */,
				AA9C87BD1C88E6D30049B963 /* AOANotesViewController.m */,
				AAD766281C8AB951002662D1 /* AOANoteViewController.h */,
				AAD766291C8AB951002662D1 /* AOANoteViewController.m */,
				AAD7662A1C8AB951002662D1 /* AOANoteViewController.xib */,
				AAD766321C8B4C85002662D1 /* AOAPhotoViewController.h */,
				AAD766331C8B4C85002662D1 /* AOAPhotoViewController.m */,
				AAD766341C8B4C85002662D1 /* AOAPhotoViewController.xib */,
			);
			name = Controllers;
			sourceTree = "<group>";
		};
		AA8CC4631C856452001F8070 /* Categories */ = {
			isa = PBXGroup;
			children = (
				AA8CC4641C858181001F8070 /* UIViewController+Navigation.h */,
				AA8CC4651C858181001F8070 /* UIViewController+Navigation.m */,
			);
			name = Categories;
			sourceTree = "<group>";
		};
		AA9C87C11C89426D0049B963 /* Resources */ = {
			isa = PBXGroup;
			children = (
				AAD7663E1C8C0342002662D1 /* placemark.png */,
				AAD7663F1C8C0342002662D1 /* placemark.pxm */,
				AA9C87BF1C89425D0049B963 /* noImage.png */,
			);
			name = Resources;
			sourceTree = "<group>";
		};
		AAD2341A1C85D57600B5EE99 /* Views */ = {
			isa = PBXGroup;
			children = (
				AAD2341D1C85D6B100B5EE99 /* AOANotebookCellView.h */,
				AAD2341E1C85D6B100B5EE99 /* AOANotebookCellView.m */,
				AAD2341B1C85D59900B5EE99 /* AOANoteBookCellView.xib */,
				AA9C87B11C88E4570049B963 /* AOANoteCollectionViewCell.xib */,
				AA9C87B31C88E5050049B963 /* AOANoteCellView.h */,
				AA9C87B41C88E5050049B963 /* AOANoteCellView.m */,
			);
			name = Views;
			sourceTree = "<group>";
		};
		AAD7662D1C8AE9E5002662D1 /* Protocols */ = {
			isa = PBXGroup;
			children = (
				AAD7662E1C8AEA1F002662D1 /* AOADetailViewController.h */,
			);
			name = Protocols;
			sourceTree = "<group>";
		};
/* End PBXGroup section */

/* Begin PBXNativeTarget section */
		AA190EAC1C835FA600728949 /* Everpobre */ = {
			isa = PBXNativeTarget;
			buildConfigurationList = AA190EBE1C835FA600728949 /* Build configuration list for PBXNativeTarget "Everpobre" */;
			buildPhases = (
				AA190EA91C835FA600728949 /* Sources */,
				AA190EAA1C835FA600728949 /* Frameworks */,
				AA190EAB1C835FA600728949 /* Resources */,
			);
			buildRules = (
			);
			dependencies = (
			);
			name = Everpobre;
			productName = Everpobre;
			productReference = AA190EAD1C835FA600728949 /* Everpobre.app */;
			productType = "com.apple.product-type.application";
		};
/* End PBXNativeTarget section */

/* Begin PBXProject section */
		AA190EA51C835FA600728949 /* Project object */ = {
			isa = PBXProject;
			attributes = {
				LastUpgradeCheck = 0720;
				ORGANIZATIONNAME = AOA;
				TargetAttributes = {
					AA190EAC1C835FA600728949 = {
						CreatedOnToolsVersion = 7.2.1;
						SystemCapabilities = {
							com.apple.Maps.iOS = {
								enabled = 1;
							};
						};
					};
				};
			};
			buildConfigurationList = AA190EA81C835FA600728949 /* Build configuration list for PBXProject "Everpobre" */;
			compatibilityVersion = "Xcode 3.2";
			developmentRegion = English;
			hasScannedForEncodings = 0;
			knownRegions = (
				en,
				Base,
			);
			mainGroup = AA190EA41C835FA600728949;
			productRefGroup = AA190EAE1C835FA600728949 /* Products */;
			projectDirPath = "";
			projectRoot = "";
			targets = (
				AA190EAC1C835FA600728949 /* Everpobre */,
			);
		};
/* End PBXProject section */

/* Begin PBXResourcesBuildPhase section */
		AA190EAB1C835FA600728949 /* Resources */ = {
			isa = PBXResourcesBuildPhase;
			buildActionMask = 2147483647;
			files = (
				AAD766401C8C0342002662D1 /* placemark.png in Resources */,
				AA9C87B21C88E4570049B963 /* AOANoteCollectionViewCell.xib in Resources */,
				AAD766361C8B4C85002662D1 /* AOAPhotoViewController.xib in Resources */,
				AA190EB71C835FA600728949 /* Assets.xcassets in Resources */,
				AAD7662C1C8AB951002662D1 /* AOANoteViewController.xib in Resources */,
				AA9C87C01C89425D0049B963 /* noImage.png in Resources */,
				AA190EBA1C835FA600728949 /* LaunchScreen.storyboard in Resources */,
				AAD766411C8C0342002662D1 /* placemark.pxm in Resources */,
				AAD2341C1C85D59900B5EE99 /* AOANoteBookCellView.xib in Resources */,
			);
			runOnlyForDeploymentPostprocessing = 0;
		};
/* End PBXResourcesBuildPhase section */

/* Begin PBXSourcesBuildPhase section */
		AA190EA91C835FA600728949 /* Sources */ = {
			isa = PBXSourcesBuildPhase;
			buildActionMask = 2147483647;
			files = (
				AA190EFD1C8372E300728949 /* AOANotebook.m in Sources */,
				AA190EFA1C8372E300728949 /* _AOANotebook.m in Sources */,
				AA9C87B81C88E60A0049B963 /* AGTCoreDataCollectionViewController.m in Sources */,
				AA190EF81C8372E300728949 /* _AOANamedEntity.m in Sources */,
				AA190EF91C8372E300728949 /* _AOANote.m in Sources */,
				AA190F031C837A4E00728949 /* AOAPhoto.m in Sources */,
				AA9C87B51C88E5050049B963 /* AOANoteCellView.m in Sources */,
				AA190EB51C835FA600728949 /* AppDelegate.m in Sources */,
				AA9C87BE1C88E6D30049B963 /* AOANotesViewController.m in Sources */,
				AA8CC4661C858181001F8070 /* UIViewController+Navigation.m in Sources */,
				AAD766351C8B4C85002662D1 /* AOAPhotoViewController.m in Sources */,
				AA190EB21C835FA600728949 /* main.m in Sources */,
				AAD7663D1C8B9577002662D1 /* AOALocation.m in Sources */,
				AAD7663C1C8B9577002662D1 /* _AOALocation.m in Sources */,
				AA190EC41C835FBB00728949 /* AGTSimpleCoreDataStack.m in Sources */,
				AA190F091C85476600728949 /* AGTCoreDataTableViewController.m in Sources */,
				AA190EFB1C8372E300728949 /* AOANamedEntity.m in Sources */,
				AA190EFC1C8372E300728949 /* AOANote.m in Sources */,
				AA190F121C854C3600728949 /* AOANotebooksViewController.m in Sources */,
				AAD7662B1C8AB951002662D1 /* AOANoteViewController.m in Sources */,
				AAD2341F1C85D6B100B5EE99 /* AOANotebookCellView.m in Sources */,
				AA190EC71C83607400728949 /* Model.xcdatamodeld in Sources */,
				AA190F021C837A4E00728949 /* _AOAPhoto.m in Sources */,
			);
			runOnlyForDeploymentPostprocessing = 0;
		};
/* End PBXSourcesBuildPhase section */

/* Begin PBXVariantGroup section */
		AA190EB81C835FA600728949 /* LaunchScreen.storyboard */ = {
			isa = PBXVariantGroup;
			children = (
				AA190EB91C835FA600728949 /* Base */,
			);
			name = LaunchScreen.storyboard;
			sourceTree = "<group>";
		};
/* End PBXVariantGroup section */

/* Begin XCBuildConfiguration section */
		AA190EBC1C835FA600728949 /* Debug */ = {
			isa = XCBuildConfiguration;
			buildSettings = {
				ALWAYS_SEARCH_USER_PATHS = NO;
				CLANG_CXX_LANGUAGE_STANDARD = "gnu++0x";
				CLANG_CXX_LIBRARY = "libc++";
				CLANG_ENABLE_MODULES = YES;
				CLANG_ENABLE_OBJC_ARC = YES;
				CLANG_WARN_BOOL_CONVERSION = YES;
				CLANG_WARN_CONSTANT_CONVERSION = YES;
				CLANG_WARN_DIRECT_OBJC_ISA_USAGE = YES_ERROR;
				CLANG_WARN_EMPTY_BODY = YES;
				CLANG_WARN_ENUM_CONVERSION = YES;
				CLANG_WARN_INT_CONVERSION = YES;
				CLANG_WARN_OBJC_ROOT_CLASS = YES_ERROR;
				CLANG_WARN_UNREACHABLE_CODE = YES;
				CLANG_WARN__DUPLICATE_METHOD_MATCH = YES;
				"CODE_SIGN_IDENTITY[sdk=iphoneos*]" = "iPhone Developer";
				COPY_PHASE_STRIP = NO;
				DEBUG_INFORMATION_FORMAT = dwarf;
				ENABLE_STRICT_OBJC_MSGSEND = YES;
				ENABLE_TESTABILITY = YES;
				GCC_C_LANGUAGE_STANDARD = gnu99;
				GCC_DYNAMIC_NO_PIC = NO;
				GCC_NO_COMMON_BLOCKS = YES;
				GCC_OPTIMIZATION_LEVEL = 0;
				GCC_PREPROCESSOR_DEFINITIONS = (
					"DEBUG=1",
					"$(inherited)",
				);
				GCC_WARN_64_TO_32_BIT_CONVERSION = YES;
				GCC_WARN_ABOUT_RETURN_TYPE = YES_ERROR;
				GCC_WARN_UNDECLARED_SELECTOR = YES;
				GCC_WARN_UNINITIALIZED_AUTOS = YES_AGGRESSIVE;
				GCC_WARN_UNUSED_FUNCTION = YES;
				GCC_WARN_UNUSED_VARIABLE = YES;
				IPHONEOS_DEPLOYMENT_TARGET = 9.2;
				MTL_ENABLE_DEBUG_INFO = YES;
				ONLY_ACTIVE_ARCH = YES;
				SDKROOT = iphoneos;
			};
			name = Debug;
		};
		AA190EBD1C835FA600728949 /* Release */ = {
			isa = XCBuildConfiguration;
			buildSettings = {
				ALWAYS_SEARCH_USER_PATHS = NO;
				CLANG_CXX_LANGUAGE_STANDARD = "gnu++0x";
				CLANG_CXX_LIBRARY = "libc++";
				CLANG_ENABLE_MODULES = YES;
				CLANG_ENABLE_OBJC_ARC = YES;
				CLANG_WARN_BOOL_CONVERSION = YES;
				CLANG_WARN_CONSTANT_CONVERSION = YES;
				CLANG_WARN_DIRECT_OBJC_ISA_USAGE = YES_ERROR;
				CLANG_WARN_EMPTY_BODY = YES;
				CLANG_WARN_ENUM_CONVERSION = YES;
				CLANG_WARN_INT_CONVERSION = YES;
				CLANG_WARN_OBJC_ROOT_CLASS = YES_ERROR;
				CLANG_WARN_UNREACHABLE_CODE = YES;
				CLANG_WARN__DUPLICATE_METHOD_MATCH = YES;
				"CODE_SIGN_IDENTITY[sdk=iphoneos*]" = "iPhone Developer";
				COPY_PHASE_STRIP = NO;
				DEBUG_INFORMATION_FORMAT = "dwarf-with-dsym";
				ENABLE_NS_ASSERTIONS = NO;
				ENABLE_STRICT_OBJC_MSGSEND = YES;
				GCC_C_LANGUAGE_STANDARD = gnu99;
				GCC_NO_COMMON_BLOCKS = YES;
				GCC_WARN_64_TO_32_BIT_CONVERSION = YES;
				GCC_WARN_ABOUT_RETURN_TYPE = YES_ERROR;
				GCC_WARN_UNDECLARED_SELECTOR = YES;
				GCC_WARN_UNINITIALIZED_AUTOS = YES_AGGRESSIVE;
				GCC_WARN_UNUSED_FUNCTION = YES;
				GCC_WARN_UNUSED_VARIABLE = YES;
				IPHONEOS_DEPLOYMENT_TARGET = 9.2;
				MTL_ENABLE_DEBUG_INFO = NO;
				SDKROOT = iphoneos;
				VALIDATE_PRODUCT = YES;
			};
			name = Release;
		};
		AA190EBF1C835FA600728949 /* Debug */ = {
			isa = XCBuildConfiguration;
			buildSettings = {
				ASSETCATALOG_COMPILER_APPICON_NAME = AppIcon;
				GCC_PREFIX_HEADER = "$(SRCROOT)/Everpobre/Everpobre-Prefix.pch";
				INFOPLIST_FILE = Everpobre/Info.plist;
				LD_RUNPATH_SEARCH_PATHS = "$(inherited) @executable_path/Frameworks";
				PRODUCT_BUNDLE_IDENTIFIER = me.akixe.keepcoding.progios.Everpobre;
				PRODUCT_NAME = "$(TARGET_NAME)";
			};
			name = Debug;
		};
		AA190EC01C835FA600728949 /* Release */ = {
			isa = XCBuildConfiguration;
			buildSettings = {
				ASSETCATALOG_COMPILER_APPICON_NAME = AppIcon;
				GCC_PREFIX_HEADER = "$(SRCROOT)/Everpobre/Everpobre-Prefix.pch";
				INFOPLIST_FILE = Everpobre/Info.plist;
				LD_RUNPATH_SEARCH_PATHS = "$(inherited) @executable_path/Frameworks";
				PRODUCT_BUNDLE_IDENTIFIER = me.akixe.keepcoding.progios.Everpobre;
				PRODUCT_NAME = "$(TARGET_NAME)";
			};
			name = Release;
		};
/* End XCBuildConfiguration section */

/* Begin XCConfigurationList section */
		AA190EA81C835FA600728949 /* Build configuration list for PBXProject "Everpobre" */ = {
			isa = XCConfigurationList;
			buildConfigurations = (
				AA190EBC1C835FA600728949 /* Debug */,
				AA190EBD1C835FA600728949 /* Release */,
			);
			defaultConfigurationIsVisible = 0;
			defaultConfigurationName = Release;
		};
		AA190EBE1C835FA600728949 /* Build configuration list for PBXNativeTarget "Everpobre" */ = {
			isa = XCConfigurationList;
			buildConfigurations = (
				AA190EBF1C835FA600728949 /* Debug */,
				AA190EC01C835FA600728949 /* Release */,
			);
			defaultConfigurationIsVisible = 0;
			defaultConfigurationName = Release;
		};
/* End XCConfigurationList section */

/* Begin XCVersionGroup section */
		AA190EC51C83607400728949 /* Model.xcdatamodeld */ = {
			isa = XCVersionGroup;
			children = (
				AAD766371C8B9312002662D1 /* Model2.xcdatamodel */,
				AA190EC61C83607400728949 /* Model.xcdatamodel */,
			);
			currentVersion = AAD766371C8B9312002662D1 /* Model2.xcdatamodel */;
			name = Model.xcdatamodeld;
			path = ../Model.xcdatamodeld;
			sourceTree = "<group>";
			versionGroupType = wrapper.xcdatamodel;
		};
/* End XCVersionGroup section */
	};
	rootObject = AA190EA51C835FA600728949 /* Project object */;
}
